
Microsoft Visual Studio Solution File, Format Version 10.00
# Visual Studio 2008
Project("{F184B08F-C81C-45F6-A57F-5ABD9991F28F}") = "Matrix", "Matrix\Matrix.vbproj", "{78B2C97A-D19A-4A6B-A05F-CB134925D326}"
EndProject
Global
	GlobalSection(SolutionConfigurationPlatforms) = preSolution
		Debug|Any CPU = Debug|Any CPU
		Release|Any CPU = Release|Any CPU
	EndGlobalSection
	GlobalSection(ProjectConfigurationPlatforms) = postSolution
		{78B2C97A-D19A-4A6B-A05F-CB134925D326}.Debug|Any CPU.ActiveCfg = Debug|Any CPU
		{78B2C97A-D19A-4A6B-A05F-CB134925D326}.Debug|Any CPU.Build.0 = Debug|Any CPU
		{78B2C97A-D19A-4A6B-A05F-CB134925D326}.Release|Any CPU.ActiveCfg = Release|Any CPU
		{78B2C97A-D19A-4A6B-A05F-CB134925D326}.Release|Any CPU.Build.0 = Release|Any CPU
	EndGlobalSection
	GlobalSection(SolutionProperties) = preSolution
		HideSolutionNode = FALSE
	EndGlobalSection
EndGlobal
