
Microsoft Visual Studio Solution File, Format Version 10.00
# Visual Studio 2008
Project("{FAE04EC0-301F-11D3-BF4B-00C04F79EFBC}") = "Soru1", "Soru1\Soru1.csproj", "{3EB1F9A3-1B97-439D-A30B-A5D2B75AA421}"
EndProject
Global
	GlobalSection(SolutionConfigurationPlatforms) = preSolution
		Debug|Any CPU = Debug|Any CPU
		Release|Any CPU = Release|Any CPU
	EndGlobalSection
	GlobalSection(ProjectConfigurationPlatforms) = postSolution
		{3EB1F9A3-1B97-439D-A30B-A5D2B75AA421}.Debug|Any CPU.ActiveCfg = Debug|Any CPU
		{3EB1F9A3-1B97-439D-A30B-A5D2B75AA421}.Debug|Any CPU.Build.0 = Debug|Any CPU
		{3EB1F9A3-1B97-439D-A30B-A5D2B75AA421}.Release|Any CPU.ActiveCfg = Release|Any CPU
		{3EB1F9A3-1B97-439D-A30B-A5D2B75AA421}.Release|Any CPU.Build.0 = Release|Any CPU
	EndGlobalSection
	GlobalSection(SolutionProperties) = preSolution
		HideSolutionNode = FALSE
	EndGlobalSection
EndGlobal
