
Microsoft Visual Studio Solution File, Format Version 12.00
# Visual Studio 15
VisualStudioVersion = 15.0.28307.421
MinimumVisualStudioVersion = 10.0.40219.1
Project("{FAE04EC0-301F-11D3-BF4B-00C04F79EFBC}") = "TetrisGame", "TetrisGame\TetrisGame.csproj", "{EA0AA52C-7DE9-471A-8AAF-8EEF82091864}"
EndProject
Global
	GlobalSection(SolutionConfigurationPlatforms) = preSolution
		Debug|Any CPU = Debug|Any CPU
		Release|Any CPU = Release|Any CPU
	EndGlobalSection
	GlobalSection(ProjectConfigurationPlatforms) = postSolution
		{EA0AA52C-7DE9-471A-8AAF-8EEF82091864}.Debug|Any CPU.ActiveCfg = Debug|Any CPU
		{EA0AA52C-7DE9-471A-8AAF-8EEF82091864}.Debug|Any CPU.Build.0 = Debug|Any CPU
		{EA0AA52C-7DE9-471A-8AAF-8EEF82091864}.Release|Any CPU.ActiveCfg = Release|Any CPU
		{EA0AA52C-7DE9-471A-8AAF-8EEF82091864}.Release|Any CPU.Build.0 = Release|Any CPU
	EndGlobalSection
	GlobalSection(SolutionProperties) = preSolution
		HideSolutionNode = FALSE
	EndGlobalSection
	GlobalSection(ExtensibilityGlobals) = postSolution
		SolutionGuid = {53D69E74-F9F8-4922-A0FC-2044C6B688C6}
	EndGlobalSection
EndGlobal
