
Microsoft Visual Studio Solution File, Format Version 10.00
# Visual Studio 2008
Project("{FAE04EC0-301F-11D3-BF4B-00C04F79EFBC}") = "soru4", "soru4\soru4.csproj", "{EA20E78A-33BA-4EF1-9C58-EE3185126410}"
EndProject
Global
	GlobalSection(SolutionConfigurationPlatforms) = preSolution
		Debug|Any CPU = Debug|Any CPU
		Release|Any CPU = Release|Any CPU
	EndGlobalSection
	GlobalSection(ProjectConfigurationPlatforms) = postSolution
		{EA20E78A-33BA-4EF1-9C58-EE3185126410}.Debug|Any CPU.ActiveCfg = Debug|Any CPU
		{EA20E78A-33BA-4EF1-9C58-EE3185126410}.Debug|Any CPU.Build.0 = Debug|Any CPU
		{EA20E78A-33BA-4EF1-9C58-EE3185126410}.Release|Any CPU.ActiveCfg = Release|Any CPU
		{EA20E78A-33BA-4EF1-9C58-EE3185126410}.Release|Any CPU.Build.0 = Release|Any CPU
	EndGlobalSection
	GlobalSection(SolutionProperties) = preSolution
		HideSolutionNode = FALSE
	EndGlobalSection
EndGlobal
