
Microsoft Visual Studio Solution File, Format Version 10.00
# Visual Studio 2008
Project("{FAE04EC0-301F-11D3-BF4B-00C04F79EFBC}") = "22_d", "22_d\22_d.csproj", "{24BF17FD-2E1E-4071-A6CC-303CD8B7EAEF}"
EndProject
Global
	GlobalSection(SolutionConfigurationPlatforms) = preSolution
		Debug|Any CPU = Debug|Any CPU
		Release|Any CPU = Release|Any CPU
	EndGlobalSection
	GlobalSection(ProjectConfigurationPlatforms) = postSolution
		{24BF17FD-2E1E-4071-A6CC-303CD8B7EAEF}.Debug|Any CPU.ActiveCfg = Debug|Any CPU
		{24BF17FD-2E1E-4071-A6CC-303CD8B7EAEF}.Debug|Any CPU.Build.0 = Debug|Any CPU
		{24BF17FD-2E1E-4071-A6CC-303CD8B7EAEF}.Release|Any CPU.ActiveCfg = Release|Any CPU
		{24BF17FD-2E1E-4071-A6CC-303CD8B7EAEF}.Release|Any CPU.Build.0 = Release|Any CPU
	EndGlobalSection
	GlobalSection(SolutionProperties) = preSolution
		HideSolutionNode = FALSE
	EndGlobalSection
EndGlobal
