
Microsoft Visual Studio Solution File, Format Version 10.00
# Visual Studio 2008
Project("{FAE04EC0-301F-11D3-BF4B-00C04F79EFBC}") = "soru2", "soru2\soru2.csproj", "{EB0B5506-C820-423C-9108-FB1480A44DD6}"
EndProject
Global
	GlobalSection(SolutionConfigurationPlatforms) = preSolution
		Debug|Any CPU = Debug|Any CPU
		Release|Any CPU = Release|Any CPU
	EndGlobalSection
	GlobalSection(ProjectConfigurationPlatforms) = postSolution
		{EB0B5506-C820-423C-9108-FB1480A44DD6}.Debug|Any CPU.ActiveCfg = Debug|Any CPU
		{EB0B5506-C820-423C-9108-FB1480A44DD6}.Debug|Any CPU.Build.0 = Debug|Any CPU
		{EB0B5506-C820-423C-9108-FB1480A44DD6}.Release|Any CPU.ActiveCfg = Release|Any CPU
		{EB0B5506-C820-423C-9108-FB1480A44DD6}.Release|Any CPU.Build.0 = Release|Any CPU
	EndGlobalSection
	GlobalSection(SolutionProperties) = preSolution
		HideSolutionNode = FALSE
	EndGlobalSection
EndGlobal
