
Microsoft Visual Studio Solution File, Format Version 12.00
# Visual Studio 15
VisualStudioVersion = 15.0.28307.329
MinimumVisualStudioVersion = 10.0.40219.1
Project("{FAE04EC0-301F-11D3-BF4B-00C04F79EFBC}") = "TetrisGame", "TetrisGame\TetrisGame.csproj", "{97C5AF22-47DB-42D4-AE04-59E12ED11CEC}"
EndProject
Global
	GlobalSection(SolutionConfigurationPlatforms) = preSolution
		Debug|Any CPU = Debug|Any CPU
		Release|Any CPU = Release|Any CPU
	EndGlobalSection
	GlobalSection(ProjectConfigurationPlatforms) = postSolution
		{97C5AF22-47DB-42D4-AE04-59E12ED11CEC}.Debug|Any CPU.ActiveCfg = Debug|Any CPU
		{97C5AF22-47DB-42D4-AE04-59E12ED11CEC}.Debug|Any CPU.Build.0 = Debug|Any CPU
		{97C5AF22-47DB-42D4-AE04-59E12ED11CEC}.Release|Any CPU.ActiveCfg = Release|Any CPU
		{97C5AF22-47DB-42D4-AE04-59E12ED11CEC}.Release|Any CPU.Build.0 = Release|Any CPU
	EndGlobalSection
	GlobalSection(SolutionProperties) = preSolution
		HideSolutionNode = FALSE
	EndGlobalSection
	GlobalSection(ExtensibilityGlobals) = postSolution
		SolutionGuid = {697822B1-940B-48B2-8E37-16D5BC901585}
	EndGlobalSection
EndGlobal
