
Microsoft Visual Studio Solution File, Format Version 10.00
# Visual Studio 2008
Project("{F184B08F-C81C-45F6-A57F-5ABD9991F28F}") = "soru2_a", "soru2_a\soru2_a.vbproj", "{76B36E51-FE9E-42D0-A480-5F2A6BF34826}"
EndProject
Global
	GlobalSection(SolutionConfigurationPlatforms) = preSolution
		Debug|Any CPU = Debug|Any CPU
		Release|Any CPU = Release|Any CPU
	EndGlobalSection
	GlobalSection(ProjectConfigurationPlatforms) = postSolution
		{76B36E51-FE9E-42D0-A480-5F2A6BF34826}.Debug|Any CPU.ActiveCfg = Debug|Any CPU
		{76B36E51-FE9E-42D0-A480-5F2A6BF34826}.Debug|Any CPU.Build.0 = Debug|Any CPU
		{76B36E51-FE9E-42D0-A480-5F2A6BF34826}.Release|Any CPU.ActiveCfg = Release|Any CPU
		{76B36E51-FE9E-42D0-A480-5F2A6BF34826}.Release|Any CPU.Build.0 = Release|Any CPU
	EndGlobalSection
	GlobalSection(SolutionProperties) = preSolution
		HideSolutionNode = FALSE
	EndGlobalSection
EndGlobal
