
Microsoft Visual Studio Solution File, Format Version 10.00
# Visual Studio 2008
Project("{FAE04EC0-301F-11D3-BF4B-00C04F79EFBC}") = "soru2", "soru2\soru2.csproj", "{FBDC6EFC-296D-4C56-9A15-BD65ECDD3FCB}"
EndProject
Global
	GlobalSection(SolutionConfigurationPlatforms) = preSolution
		Debug|Any CPU = Debug|Any CPU
		Release|Any CPU = Release|Any CPU
	EndGlobalSection
	GlobalSection(ProjectConfigurationPlatforms) = postSolution
		{FBDC6EFC-296D-4C56-9A15-BD65ECDD3FCB}.Debug|Any CPU.ActiveCfg = Debug|Any CPU
		{FBDC6EFC-296D-4C56-9A15-BD65ECDD3FCB}.Debug|Any CPU.Build.0 = Debug|Any CPU
		{FBDC6EFC-296D-4C56-9A15-BD65ECDD3FCB}.Release|Any CPU.ActiveCfg = Release|Any CPU
		{FBDC6EFC-296D-4C56-9A15-BD65ECDD3FCB}.Release|Any CPU.Build.0 = Release|Any CPU
	EndGlobalSection
	GlobalSection(SolutionProperties) = preSolution
		HideSolutionNode = FALSE
	EndGlobalSection
EndGlobal
