
Microsoft Visual Studio Solution File, Format Version 10.00
# Visual Studio 2008
Project("{FAE04EC0-301F-11D3-BF4B-00C04F79EFBC}") = "10", "10\10.csproj", "{E1B1ECB0-57ED-45F9-8144-79BA9C85AA37}"
EndProject
Global
	GlobalSection(SolutionConfigurationPlatforms) = preSolution
		Debug|Any CPU = Debug|Any CPU
		Release|Any CPU = Release|Any CPU
	EndGlobalSection
	GlobalSection(ProjectConfigurationPlatforms) = postSolution
		{E1B1ECB0-57ED-45F9-8144-79BA9C85AA37}.Debug|Any CPU.ActiveCfg = Debug|Any CPU
		{E1B1ECB0-57ED-45F9-8144-79BA9C85AA37}.Debug|Any CPU.Build.0 = Debug|Any CPU
		{E1B1ECB0-57ED-45F9-8144-79BA9C85AA37}.Release|Any CPU.ActiveCfg = Release|Any CPU
		{E1B1ECB0-57ED-45F9-8144-79BA9C85AA37}.Release|Any CPU.Build.0 = Release|Any CPU
	EndGlobalSection
	GlobalSection(SolutionProperties) = preSolution
		HideSolutionNode = FALSE
	EndGlobalSection
EndGlobal
