
Microsoft Visual Studio Solution File, Format Version 10.00
# Visual Studio 2008
Project("{FAE04EC0-301F-11D3-BF4B-00C04F79EFBC}") = "soru2", "soru2\soru2.csproj", "{EEF6D9AC-7467-4FBB-A494-2ACF0C6AB4B4}"
EndProject
Global
	GlobalSection(SolutionConfigurationPlatforms) = preSolution
		Debug|Any CPU = Debug|Any CPU
		Release|Any CPU = Release|Any CPU
	EndGlobalSection
	GlobalSection(ProjectConfigurationPlatforms) = postSolution
		{EEF6D9AC-7467-4FBB-A494-2ACF0C6AB4B4}.Debug|Any CPU.ActiveCfg = Debug|Any CPU
		{EEF6D9AC-7467-4FBB-A494-2ACF0C6AB4B4}.Debug|Any CPU.Build.0 = Debug|Any CPU
		{EEF6D9AC-7467-4FBB-A494-2ACF0C6AB4B4}.Release|Any CPU.ActiveCfg = Release|Any CPU
		{EEF6D9AC-7467-4FBB-A494-2ACF0C6AB4B4}.Release|Any CPU.Build.0 = Release|Any CPU
	EndGlobalSection
	GlobalSection(SolutionProperties) = preSolution
		HideSolutionNode = FALSE
	EndGlobalSection
EndGlobal
