
Microsoft Visual Studio Solution File, Format Version 10.00
# Visual Studio 2008
Project("{FAE04EC0-301F-11D3-BF4B-00C04F79EFBC}") = "9", "9\9.csproj", "{FDFF025D-117C-4A0B-B965-D1447EACE5DC}"
EndProject
Global
	GlobalSection(SolutionConfigurationPlatforms) = preSolution
		Debug|Any CPU = Debug|Any CPU
		Release|Any CPU = Release|Any CPU
	EndGlobalSection
	GlobalSection(ProjectConfigurationPlatforms) = postSolution
		{FDFF025D-117C-4A0B-B965-D1447EACE5DC}.Debug|Any CPU.ActiveCfg = Debug|Any CPU
		{FDFF025D-117C-4A0B-B965-D1447EACE5DC}.Debug|Any CPU.Build.0 = Debug|Any CPU
		{FDFF025D-117C-4A0B-B965-D1447EACE5DC}.Release|Any CPU.ActiveCfg = Release|Any CPU
		{FDFF025D-117C-4A0B-B965-D1447EACE5DC}.Release|Any CPU.Build.0 = Release|Any CPU
	EndGlobalSection
	GlobalSection(SolutionProperties) = preSolution
		HideSolutionNode = FALSE
	EndGlobalSection
EndGlobal
