
Microsoft Visual Studio Solution File, Format Version 10.00
# Visual Studio 2008
Project("{FAE04EC0-301F-11D3-BF4B-00C04F79EFBC}") = "10_b", "10_b\10_b.csproj", "{AC03E09D-426E-467D-A00B-23D6140A37E1}"
EndProject
Global
	GlobalSection(SolutionConfigurationPlatforms) = preSolution
		Debug|Any CPU = Debug|Any CPU
		Release|Any CPU = Release|Any CPU
	EndGlobalSection
	GlobalSection(ProjectConfigurationPlatforms) = postSolution
		{AC03E09D-426E-467D-A00B-23D6140A37E1}.Debug|Any CPU.ActiveCfg = Debug|Any CPU
		{AC03E09D-426E-467D-A00B-23D6140A37E1}.Debug|Any CPU.Build.0 = Debug|Any CPU
		{AC03E09D-426E-467D-A00B-23D6140A37E1}.Release|Any CPU.ActiveCfg = Release|Any CPU
		{AC03E09D-426E-467D-A00B-23D6140A37E1}.Release|Any CPU.Build.0 = Release|Any CPU
	EndGlobalSection
	GlobalSection(SolutionProperties) = preSolution
		HideSolutionNode = FALSE
	EndGlobalSection
EndGlobal
