
Microsoft Visual Studio Solution File, Format Version 10.00
# Visual Studio 2008
Project("{FAE04EC0-301F-11D3-BF4B-00C04F79EFBC}") = "8", "8\8.csproj", "{1CD28A9E-FD23-47F5-98DF-675D10B3033F}"
EndProject
Global
	GlobalSection(SolutionConfigurationPlatforms) = preSolution
		Debug|Any CPU = Debug|Any CPU
		Release|Any CPU = Release|Any CPU
	EndGlobalSection
	GlobalSection(ProjectConfigurationPlatforms) = postSolution
		{1CD28A9E-FD23-47F5-98DF-675D10B3033F}.Debug|Any CPU.ActiveCfg = Debug|Any CPU
		{1CD28A9E-FD23-47F5-98DF-675D10B3033F}.Debug|Any CPU.Build.0 = Debug|Any CPU
		{1CD28A9E-FD23-47F5-98DF-675D10B3033F}.Release|Any CPU.ActiveCfg = Release|Any CPU
		{1CD28A9E-FD23-47F5-98DF-675D10B3033F}.Release|Any CPU.Build.0 = Release|Any CPU
	EndGlobalSection
	GlobalSection(SolutionProperties) = preSolution
		HideSolutionNode = FALSE
	EndGlobalSection
EndGlobal
