
Microsoft Visual Studio Solution File, Format Version 10.00
# Visual Studio 2008
Project("{FAE04EC0-301F-11D3-BF4B-00C04F79EFBC}") = "8f", "8f\8f.csproj", "{F62D3D0E-C81E-4183-A8CE-581C96430C19}"
EndProject
Global
	GlobalSection(SolutionConfigurationPlatforms) = preSolution
		Debug|Any CPU = Debug|Any CPU
		Release|Any CPU = Release|Any CPU
	EndGlobalSection
	GlobalSection(ProjectConfigurationPlatforms) = postSolution
		{F62D3D0E-C81E-4183-A8CE-581C96430C19}.Debug|Any CPU.ActiveCfg = Debug|Any CPU
		{F62D3D0E-C81E-4183-A8CE-581C96430C19}.Debug|Any CPU.Build.0 = Debug|Any CPU
		{F62D3D0E-C81E-4183-A8CE-581C96430C19}.Release|Any CPU.ActiveCfg = Release|Any CPU
		{F62D3D0E-C81E-4183-A8CE-581C96430C19}.Release|Any CPU.Build.0 = Release|Any CPU
	EndGlobalSection
	GlobalSection(SolutionProperties) = preSolution
		HideSolutionNode = FALSE
	EndGlobalSection
EndGlobal
