
Microsoft Visual Studio Solution File, Format Version 10.00
# Visual Studio 2008
Project("{FAE04EC0-301F-11D3-BF4B-00C04F79EFBC}") = "soru9", "soru9\soru9.csproj", "{FF11D9AE-8944-4E51-A2F4-4DCABFB3CB76}"
EndProject
Global
	GlobalSection(SolutionConfigurationPlatforms) = preSolution
		Debug|Any CPU = Debug|Any CPU
		Release|Any CPU = Release|Any CPU
	EndGlobalSection
	GlobalSection(ProjectConfigurationPlatforms) = postSolution
		{FF11D9AE-8944-4E51-A2F4-4DCABFB3CB76}.Debug|Any CPU.ActiveCfg = Debug|Any CPU
		{FF11D9AE-8944-4E51-A2F4-4DCABFB3CB76}.Debug|Any CPU.Build.0 = Debug|Any CPU
		{FF11D9AE-8944-4E51-A2F4-4DCABFB3CB76}.Release|Any CPU.ActiveCfg = Release|Any CPU
		{FF11D9AE-8944-4E51-A2F4-4DCABFB3CB76}.Release|Any CPU.Build.0 = Release|Any CPU
	EndGlobalSection
	GlobalSection(SolutionProperties) = preSolution
		HideSolutionNode = FALSE
	EndGlobalSection
EndGlobal
