
Microsoft Visual Studio Solution File, Format Version 10.00
# Visual Studio 2008
Project("{FAE04EC0-301F-11D3-BF4B-00C04F79EFBC}") = "soru7", "soru7\soru7.csproj", "{A161C727-0782-45EB-B7EC-A0362D6F3023}"
EndProject
Global
	GlobalSection(SolutionConfigurationPlatforms) = preSolution
		Debug|Any CPU = Debug|Any CPU
		Release|Any CPU = Release|Any CPU
	EndGlobalSection
	GlobalSection(ProjectConfigurationPlatforms) = postSolution
		{A161C727-0782-45EB-B7EC-A0362D6F3023}.Debug|Any CPU.ActiveCfg = Debug|Any CPU
		{A161C727-0782-45EB-B7EC-A0362D6F3023}.Debug|Any CPU.Build.0 = Debug|Any CPU
		{A161C727-0782-45EB-B7EC-A0362D6F3023}.Release|Any CPU.ActiveCfg = Release|Any CPU
		{A161C727-0782-45EB-B7EC-A0362D6F3023}.Release|Any CPU.Build.0 = Release|Any CPU
	EndGlobalSection
	GlobalSection(SolutionProperties) = preSolution
		HideSolutionNode = FALSE
	EndGlobalSection
EndGlobal
