
Microsoft Visual Studio Solution File, Format Version 10.00
# Visual Studio 2008
Project("{FAE04EC0-301F-11D3-BF4B-00C04F79EFBC}") = "22_a", "22_a\22_a.csproj", "{C3ACA3D2-BD1B-43BE-A25C-471126259FEA}"
EndProject
Global
	GlobalSection(SolutionConfigurationPlatforms) = preSolution
		Debug|Any CPU = Debug|Any CPU
		Release|Any CPU = Release|Any CPU
	EndGlobalSection
	GlobalSection(ProjectConfigurationPlatforms) = postSolution
		{C3ACA3D2-BD1B-43BE-A25C-471126259FEA}.Debug|Any CPU.ActiveCfg = Debug|Any CPU
		{C3ACA3D2-BD1B-43BE-A25C-471126259FEA}.Debug|Any CPU.Build.0 = Debug|Any CPU
		{C3ACA3D2-BD1B-43BE-A25C-471126259FEA}.Release|Any CPU.ActiveCfg = Release|Any CPU
		{C3ACA3D2-BD1B-43BE-A25C-471126259FEA}.Release|Any CPU.Build.0 = Release|Any CPU
	EndGlobalSection
	GlobalSection(SolutionProperties) = preSolution
		HideSolutionNode = FALSE
	EndGlobalSection
EndGlobal
