
Microsoft Visual Studio Solution File, Format Version 10.00
# Visual Studio 2008
Project("{FAE04EC0-301F-11D3-BF4B-00C04F79EFBC}") = "10_g", "10_g\10_g.csproj", "{0E783A61-E3BA-4037-8CA7-41F43EBD6A7E}"
EndProject
Global
	GlobalSection(SolutionConfigurationPlatforms) = preSolution
		Debug|Any CPU = Debug|Any CPU
		Release|Any CPU = Release|Any CPU
	EndGlobalSection
	GlobalSection(ProjectConfigurationPlatforms) = postSolution
		{0E783A61-E3BA-4037-8CA7-41F43EBD6A7E}.Debug|Any CPU.ActiveCfg = Debug|Any CPU
		{0E783A61-E3BA-4037-8CA7-41F43EBD6A7E}.Debug|Any CPU.Build.0 = Debug|Any CPU
		{0E783A61-E3BA-4037-8CA7-41F43EBD6A7E}.Release|Any CPU.ActiveCfg = Release|Any CPU
		{0E783A61-E3BA-4037-8CA7-41F43EBD6A7E}.Release|Any CPU.Build.0 = Release|Any CPU
	EndGlobalSection
	GlobalSection(SolutionProperties) = preSolution
		HideSolutionNode = FALSE
	EndGlobalSection
EndGlobal
