
Microsoft Visual Studio Solution File, Format Version 12.00
# Visual Studio Version 17
VisualStudioVersion = 17.1.32228.430
MinimumVisualStudioVersion = 10.0.40219.1
Project("{FAE04EC0-301F-11D3-BF4B-00C04F79EFBC}") = "MineSweeperApp", "MineSweeperApp\MineSweeperApp.csproj", "{7042AF17-1B0C-4BEF-B237-5F98D1304FBF}"
EndProject
Project("{FAE04EC0-301F-11D3-BF4B-00C04F79EFBC}") = "MineSweeperConsoleApp", "MineSweeperConsoleApp\MineSweeperConsoleApp.csproj", "{49724C49-9DF9-4C38-9244-089F79363C3F}"
EndProject
Project("{FAE04EC0-301F-11D3-BF4B-00C04F79EFBC}") = "MineSweeperFormApp", "MineSweeperFormApp\MineSweeperFormApp.csproj", "{3D7971C1-02CD-45E7-A14A-FF2F267723F7}"
EndProject
Global
	GlobalSection(SolutionConfigurationPlatforms) = preSolution
		Debug|Any CPU = Debug|Any CPU
		Release|Any CPU = Release|Any CPU
	EndGlobalSection
	GlobalSection(ProjectConfigurationPlatforms) = postSolution
		{7042AF17-1B0C-4BEF-B237-5F98D1304FBF}.Debug|Any CPU.ActiveCfg = Debug|Any CPU
		{7042AF17-1B0C-4BEF-B237-5F98D1304FBF}.Debug|Any CPU.Build.0 = Debug|Any CPU
		{7042AF17-1B0C-4BEF-B237-5F98D1304FBF}.Release|Any CPU.ActiveCfg = Release|Any CPU
		{7042AF17-1B0C-4BEF-B237-5F98D1304FBF}.Release|Any CPU.Build.0 = Release|Any CPU
		{49724C49-9DF9-4C38-9244-089F79363C3F}.Debug|Any CPU.ActiveCfg = Debug|Any CPU
		{49724C49-9DF9-4C38-9244-089F79363C3F}.Debug|Any CPU.Build.0 = Debug|Any CPU
		{49724C49-9DF9-4C38-9244-089F79363C3F}.Release|Any CPU.ActiveCfg = Release|Any CPU
		{49724C49-9DF9-4C38-9244-089F79363C3F}.Release|Any CPU.Build.0 = Release|Any CPU
		{3D7971C1-02CD-45E7-A14A-FF2F267723F7}.Debug|Any CPU.ActiveCfg = Debug|Any CPU
		{3D7971C1-02CD-45E7-A14A-FF2F267723F7}.Debug|Any CPU.Build.0 = Debug|Any CPU
		{3D7971C1-02CD-45E7-A14A-FF2F267723F7}.Release|Any CPU.ActiveCfg = Release|Any CPU
		{3D7971C1-02CD-45E7-A14A-FF2F267723F7}.Release|Any CPU.Build.0 = Release|Any CPU
	EndGlobalSection
	GlobalSection(SolutionProperties) = preSolution
		HideSolutionNode = FALSE
	EndGlobalSection
	GlobalSection(ExtensibilityGlobals) = postSolution
		SolutionGuid = {712578FE-565E-4B9A-9ACB-80820E07B80C}
	EndGlobalSection
EndGlobal
